
Microsoft Visual Studio Solution File, Format Version 12.00
# Visual Studio 15
VisualStudioVersion = 15.0.28307.168
MinimumVisualStudioVersion = 10.0.40219.1
Project("{FAE04EC0-301F-11D3-BF4B-00C04F79EFBC}") = "AWS.SignatureV4.Generator", "AWS.SignatureV4.Generator\AWS.SignatureV4.Generator.csproj", "{E4EA2531-51FF-44D2-9F9B-DA5137440F83}"
EndProject
Global
	GlobalSection(SolutionConfigurationPlatforms) = preSolution
		Debug|Any CPU = Debug|Any CPU
		Release|Any CPU = Release|Any CPU
	EndGlobalSection
	GlobalSection(ProjectConfigurationPlatforms) = postSolution
		{E4EA2531-51FF-44D2-9F9B-DA5137440F83}.Debug|Any CPU.ActiveCfg = Debug|Any CPU
		{E4EA2531-51FF-44D2-9F9B-DA5137440F83}.Debug|Any CPU.Build.0 = Debug|Any CPU
		{E4EA2531-51FF-44D2-9F9B-DA5137440F83}.Release|Any CPU.ActiveCfg = Release|Any CPU
		{E4EA2531-51FF-44D2-9F9B-DA5137440F83}.Release|Any CPU.Build.0 = Release|Any CPU
	EndGlobalSection
	GlobalSection(SolutionProperties) = preSolution
		HideSolutionNode = FALSE
	EndGlobalSection
	GlobalSection(ExtensibilityGlobals) = postSolution
		SolutionGuid = {193619EA-C95B-40BC-88E1-74C146323693}
	EndGlobalSection
EndGlobal
